{
  "version": "3",
  "remote": {
    "https://deno.land/x/discord_api_types@0.37.65/gateway/common.ts": "fb67003adda424df76c2726e0624d709c5a16e3694d6b75facd587d121fe121f",
    "https://deno.land/x/discord_api_types@0.37.65/gateway/v10.ts": "249f6de453d606b291fc548a27204b4a71bc462d3204c7a71622e016773ea9ab",
    "https://deno.land/x/discord_api_types@0.37.65/globals.ts": "7d8879654c4741ac071668ad52f2659bcdb66694cfe7da306c8437ec752807a7",
    "https://deno.land/x/discord_api_types@0.37.65/payloads/common.ts": "4449a87e8c1cf6d091f667370be3a42609c1a4f44cbe5f9881f7fc0e6f6920cc",
    "https://deno.land/x/discord_api_types@0.37.65/payloads/v10/_interactions/_applicationCommands/_chatInput/attachment.ts": "c66dccd54c1b84d073f2e1caa466e551b8045a84a2e8a88a1bfbc7e2c64a703d",
    "https://deno.land/x/discord_api_types@0.37.65/payloads/v10/_interactions/_applicationCommands/_chatInput/base.ts": "f6a2556e14d489e1f0e5ddeb3a0303e2603e25330530dd9263e176013c5f51eb",
    "https://deno.land/x/discord_api_types@0.37.65/payloads/v10/_interactions/_applicationCommands/_chatInput/boolean.ts": "65e29561b61785ca4ede4b1b4a88c5fc0696cfdf1fa74d5197588c196ee7ae98",
    "https://deno.land/x/discord_api_types@0.37.65/payloads/v10/_interactions/_applicationCommands/_chatInput/channel.ts": "73c7fc49de242e1ce3be958375fd810750aed83553ef3860e3cddf858f9eb464",
    "https://deno.land/x/discord_api_types@0.37.65/payloads/v10/_interactions/_applicationCommands/_chatInput/integer.ts": "a25d24a3e54d647c7039b99e3208fc0fc2228d174f6dcc421e93919b8154a011",
    "https://deno.land/x/discord_api_types@0.37.65/payloads/v10/_interactions/_applicationCommands/_chatInput/mentionable.ts": "742e42857465866e0c08b587d7fb5ccd81d4705c61ce4cd6b97ad5692e88e969",
    "https://deno.land/x/discord_api_types@0.37.65/payloads/v10/_interactions/_applicationCommands/_chatInput/number.ts": "be974ea68f5fdf55d7a7f5d3faf48a3193777d432b1aa9087afc204bcb916284",
    "https://deno.land/x/discord_api_types@0.37.65/payloads/v10/_interactions/_applicationCommands/_chatInput/role.ts": "a57114d0f7eeee4ab7cf217a865dd9dbd9096d007c556aec6185d64257100f41",
    "https://deno.land/x/discord_api_types@0.37.65/payloads/v10/_interactions/_applicationCommands/_chatInput/shared.ts": "9e2d3b3530280f6de5f9b6de1bb81e8a905998e058f784a9b041e48a96cd93d2",
    "https://deno.land/x/discord_api_types@0.37.65/payloads/v10/_interactions/_applicationCommands/_chatInput/string.ts": "33ab12dab64544a70729b9b66b5a9790964ea779f05d4ab1a1e190e7c1b59e98",
    "https://deno.land/x/discord_api_types@0.37.65/payloads/v10/_interactions/_applicationCommands/_chatInput/subcommand.ts": "0013737da6d2b54e2f413fbf31cf9c84ea51bd9204b615cb4fd19b420f856cb2",
    "https://deno.land/x/discord_api_types@0.37.65/payloads/v10/_interactions/_applicationCommands/_chatInput/subcommandGroup.ts": "db5cc701bcb3d68c094de409da39c9a2b8834dc0d5038e5f963c96e5eaf412ac",
    "https://deno.land/x/discord_api_types@0.37.65/payloads/v10/_interactions/_applicationCommands/_chatInput/user.ts": "ed2871693744298225ba53ddfb18d3e7afff20a34f413822d5b1193918aea27f",
    "https://deno.land/x/discord_api_types@0.37.65/payloads/v10/_interactions/_applicationCommands/chatInput.ts": "46362da4e56c99cc69331481330d6e95c31d5e46f4cc36ec23f03cafbb687d52",
    "https://deno.land/x/discord_api_types@0.37.65/payloads/v10/_interactions/_applicationCommands/contextMenu.ts": "89aed5f05f75d482e40259f55d0172143a90c1980d060d16545bdc14b68b29c4",
    "https://deno.land/x/discord_api_types@0.37.65/payloads/v10/_interactions/_applicationCommands/internals.ts": "5eb5ea13a1247c73c0611886dea09ab8d632a9c5555ff0f33d44cd379fd75a08",
    "https://deno.land/x/discord_api_types@0.37.65/payloads/v10/_interactions/_applicationCommands/permissions.ts": "ddca14b62e6afd418c1417117ffcc7cfb2ea5e5cc5353b4a0598435bdea45fb5",
    "https://deno.land/x/discord_api_types@0.37.65/payloads/v10/_interactions/applicationCommands.ts": "b0646f2930d38113389bd1ecf8c605ac5af8fc40f93fafd17f968150419fac14",
    "https://deno.land/x/discord_api_types@0.37.65/payloads/v10/_interactions/autocomplete.ts": "821ae50ff9845cac4b03169dbd4c4b187d8399765eb1f0d658d477c68e4c6136",
    "https://deno.land/x/discord_api_types@0.37.65/payloads/v10/_interactions/base.ts": "ca2df849ee55f2fbd5fa9626c48811de7cc9b69979838c6c54982a5e3a44219a",
    "https://deno.land/x/discord_api_types@0.37.65/payloads/v10/_interactions/messageComponents.ts": "08faa77d1c1d9a33359a962b78b695304e27cb6435af319b41e9a9d3b395adb2",
    "https://deno.land/x/discord_api_types@0.37.65/payloads/v10/_interactions/modalSubmit.ts": "3a02d2d7df5bcdb1ffcd089f15e0d82ab65dcc0cefa904c6e0621f46edac041e",
    "https://deno.land/x/discord_api_types@0.37.65/payloads/v10/_interactions/ping.ts": "096ce582e9af373649fd5355cccd7424adceaffb73367b5301f1594ef5a3c264",
    "https://deno.land/x/discord_api_types@0.37.65/payloads/v10/_interactions/responses.ts": "c1b0fc1ecca7858de08720e0222660e23935ebdd563e1964878a525eb29f062b",
    "https://deno.land/x/discord_api_types@0.37.65/payloads/v10/application.ts": "7ec267bf4b809534c8c5e919a7b1da7b33190f9d545445146e007ddb9d0554f5",
    "https://deno.land/x/discord_api_types@0.37.65/payloads/v10/auditLog.ts": "ced9d28a20b2bb201761c37ef266ace325a808a405b7472d70ad6df3b56c4d87",
    "https://deno.land/x/discord_api_types@0.37.65/payloads/v10/autoModeration.ts": "9ccb4408f1c6392d9619fac159997e08e660080b3f9567a1619163a40329e3a2",
    "https://deno.land/x/discord_api_types@0.37.65/payloads/v10/channel.ts": "47af2e40deb2ce6dd00438cd41d67d00f311ac330db6c27aed74da104776baf8",
    "https://deno.land/x/discord_api_types@0.37.65/payloads/v10/emoji.ts": "b9a30b16e1ec4dc15d6149e59aa48b02ad57a51335b7be5a7f5368db0491b3dd",
    "https://deno.land/x/discord_api_types@0.37.65/payloads/v10/gateway.ts": "4ce715fa94eadf5e2ba6adfc4a3bf99bac5d19c4787794ee1774b645a324db72",
    "https://deno.land/x/discord_api_types@0.37.65/payloads/v10/guild.ts": "4c03e054fc07d8db0ee7fa2b6f645f57f7642de0d28a704aa15047a51544f710",
    "https://deno.land/x/discord_api_types@0.37.65/payloads/v10/guildScheduledEvent.ts": "bf506b7807501b71077751ec793e719c5515e1bb405dec5cc4371a61b03cf8b9",
    "https://deno.land/x/discord_api_types@0.37.65/payloads/v10/interactions.ts": "17dabe94016dad3d0d7fdc0aa812bf5b0b366465dd72cd0b01168880778cc60d",
    "https://deno.land/x/discord_api_types@0.37.65/payloads/v10/invite.ts": "92c09f549482a4e2ad5a3c1062debfb262c6fe4b6740581175a0b8108873ab01",
    "https://deno.land/x/discord_api_types@0.37.65/payloads/v10/mod.ts": "83d68247652307f1587d71ac6983fd795ad7b9d5c92540a65207ea9293b09812",
    "https://deno.land/x/discord_api_types@0.37.65/payloads/v10/monetization.ts": "9a91c8dbb4f4c505e561630f0205f821e6877a5ea74faf4eaad9c154f5cc0d02",
    "https://deno.land/x/discord_api_types@0.37.65/payloads/v10/oauth2.ts": "dfb9f09fb44bf5faaa73ad4488ebe408905907d5fd46404895317f4e7c378489",
    "https://deno.land/x/discord_api_types@0.37.65/payloads/v10/permissions.ts": "5e7990e6dad3e35f8c130dc52de4bbf63afe5d6ad98e1c56b09da3ead94ad5a4",
    "https://deno.land/x/discord_api_types@0.37.65/payloads/v10/stageInstance.ts": "f0b9ee8c24c67298086fa32cb0595f6c29710d81b6fe85b958d48e6c549c4cb8",
    "https://deno.land/x/discord_api_types@0.37.65/payloads/v10/sticker.ts": "8511b5cdbe8289ce13fd51c2e96d24548345111b8d9f9c907dd3336f10e795bf",
    "https://deno.land/x/discord_api_types@0.37.65/payloads/v10/teams.ts": "101044d8c48a3cbabb60048eff9f69588bdd1ea84d1825de0372b4e23ad7ccbe",
    "https://deno.land/x/discord_api_types@0.37.65/payloads/v10/template.ts": "c6bee171ed0ce61fc8b59de42541a023bdcde62718deb42325397e5c82efdc27",
    "https://deno.land/x/discord_api_types@0.37.65/payloads/v10/user.ts": "361b93e3683fcf611c021c4f39c7501ca1482e999887d97a4b0a09398b4618c5",
    "https://deno.land/x/discord_api_types@0.37.65/payloads/v10/voice.ts": "62d03a540f2e78e5f3989f71a0ee1ec682ef7306a4fa096f89118cbd82351d47",
    "https://deno.land/x/discord_api_types@0.37.65/payloads/v10/webhook.ts": "7fc370f40a84f12a6e57ddda7cf2814f15039d6320b46979db0b49d5b91e303b",
    "https://deno.land/x/discord_api_types@0.37.65/rest/common.ts": "36f7f83f8c1b95d68d9a55bc00b1d54eb4672186960962684826581f13ef9643",
    "https://deno.land/x/discord_api_types@0.37.65/rest/v10/application.ts": "9f1c388bb5ccba192a57923c0aabe525f47de2d5ef8710a5d9a0cd0a3fa55317",
    "https://deno.land/x/discord_api_types@0.37.65/rest/v10/auditLog.ts": "39a0914b6c51445023d82c3e3e66c9866cbb3cb6774d3e7eac63414ea9bcbfec",
    "https://deno.land/x/discord_api_types@0.37.65/rest/v10/autoModeration.ts": "3d388fd9a91c34f04b5e3e1b6ffe12029fb48b511f37ff88042325ec6cbc6605",
    "https://deno.land/x/discord_api_types@0.37.65/rest/v10/channel.ts": "421ab1178e83765fe403c75b8e481823bd10a9288c1487163c4f1b5049d2ca7c",
    "https://deno.land/x/discord_api_types@0.37.65/rest/v10/emoji.ts": "9f694a1bd63886c62a87b4320f3bfa5d4f534b2d87c317d77d572d10522df3aa",
    "https://deno.land/x/discord_api_types@0.37.65/rest/v10/gateway.ts": "747cb95c9a8bca4e52423c780d5fc492fb0dab2b6015cd7e51e890e8d51acf29",
    "https://deno.land/x/discord_api_types@0.37.65/rest/v10/guild.ts": "6822854ad9026c2be656acc81e8161d45d650d44170e664762ec7e67b1f15e4e",
    "https://deno.land/x/discord_api_types@0.37.65/rest/v10/guildScheduledEvent.ts": "29d361f395d8cd1ecb47550615d19e10793d513cc5ad8d32895da2cc9cd0fd89",
    "https://deno.land/x/discord_api_types@0.37.65/rest/v10/interactions.ts": "2b6decdfff921b6aa8f0e6e5c61d38469a0178c5ecf1a18dd17ad6738143e662",
    "https://deno.land/x/discord_api_types@0.37.65/rest/v10/invite.ts": "28f8e740bdaa782c9d9d504049323762b5c1180348019dc5f9e0a900ec11213e",
    "https://deno.land/x/discord_api_types@0.37.65/rest/v10/mod.ts": "de48b0db06354fc8d37034a6cc5052a56fa38f4105db4df2157cfca8c164fbba",
    "https://deno.land/x/discord_api_types@0.37.65/rest/v10/monetization.ts": "93f066371177fc847576df6875cd5019b116bc7ad0b2559395452d75920085a4",
    "https://deno.land/x/discord_api_types@0.37.65/rest/v10/oauth2.ts": "b659a35654c17767480d142c46c36f5fe2544346875745e3f654c5e7c3d9f3f9",
    "https://deno.land/x/discord_api_types@0.37.65/rest/v10/stageInstance.ts": "a090ff8b54f77188323af5d06cdef9c42738edf9a9b0eba8aad3c89d5ac5569f",
    "https://deno.land/x/discord_api_types@0.37.65/rest/v10/sticker.ts": "1f7f2729308a0ec1fe373b5df7ac71bafc200132f1a06df7e75bf5ce1d1069c1",
    "https://deno.land/x/discord_api_types@0.37.65/rest/v10/template.ts": "0ad41c3c85571d3c5b0bec3914c678a21f376ec162ef0d3f1f7731a8d1d1009c",
    "https://deno.land/x/discord_api_types@0.37.65/rest/v10/user.ts": "60cfa227426c791021e9e8f769287e997477e722db5a3c577a9ec54078aaffca",
    "https://deno.land/x/discord_api_types@0.37.65/rest/v10/voice.ts": "cdbe9d6c39c8f44635d8632bf62a95b8c15877b92c56ddf69df2072bb1a74edc",
    "https://deno.land/x/discord_api_types@0.37.65/rest/v10/webhook.ts": "f4d47265bc69f9fa32efd0fd620db8b1d1996d2184cf5ac624abd104862d6ae0",
    "https://deno.land/x/discord_api_types@0.37.65/rpc/common.ts": "a693352ffd86ae9e995fb3fbfbfd2be30896257ecb83c5611050f060b08de4ef",
    "https://deno.land/x/discord_api_types@0.37.65/rpc/v10.ts": "fbaad9f3d73fce88e76b0e52ad5345093f18077e4293937c9ec0ee24415b9a93",
    "https://deno.land/x/discord_api_types@0.37.65/utils/internals.ts": "cb70895ba89f7947c38f7fa447b0190cb14b5585be323414cda53d2ccb19b16c",
    "https://deno.land/x/discord_api_types@0.37.65/utils/v10.ts": "056bd036f8c65365ff28eb63ec6897811d51921cca6d068392dd1ca5b397ae62",
    "https://deno.land/x/discord_api_types@0.37.65/v10.ts": "f3f23492c59e77859aba5b34431edf3668c37f722d7f70c2e1ef7ba4bcda3010",
    "https://esm.sh/tweetnacl@1.0.3": "fe5086fc2857018dc6118351ec0790016454d787af13301d65331c9a08eabb6a",
    "https://esm.sh/v125/tweetnacl@1.0.3/denonext/tweetnacl.mjs": "e3f326d197a7d2dc580dc57db86b5adb6374d9a64de2d5b6a1711612c930c1c7"
  }
}
