{
  "version": "3",
  "packages": {
    "specifiers": {
      "jsr:@std/assert@^0.222.1": "jsr:@std/assert@0.222.1",
      "jsr:@std/fmt@^0.222.1": "jsr:@std/fmt@0.222.1",
      "npm:discord-api-types@0.37.79": "npm:discord-api-types@0.37.79",
      "npm:tweetnacl@^1.0.3": "npm:tweetnacl@1.0.3"
    },
    "jsr": {
      "@std/assert@0.222.1": {
        "integrity": "691637161ee584a9919d1f9950ddd1272feb8e0a19e83aa5b7563cedaf73d74c",
        "dependencies": [
          "jsr:@std/fmt@^0.222.1"
        ]
      },
      "@std/fmt@0.222.1": {
        "integrity": "ec3382f9b0261c1ab1a5c804aa355d816515fa984cdd827ed32edfb187c0a722"
      }
    },
    "npm": {
      "discord-api-types@0.37.79": {
        "integrity": "sha512-jblKMZL5f9t/pfUyhHNey8Lb9yVCcBVIPxz/JTY0raAmfj7CuFXdl9m5o/+iiB7E0vv1Kz9V7Ao5HtLRc2gH1Q==",
        "dependencies": {}
      },
      "tweetnacl@1.0.3": {
        "integrity": "sha512-6rt+RN7aOi1nGMyC4Xa5DdYiukl2UWCbcJft7YhxReBGQD7OAM8Pbxw6YMo4r2diNEA8FEmu32YOn9rhaiE5yw==",
        "dependencies": {}
      }
    }
  },
  "remote": {},
  "workspace": {
    "dependencies": [
      "jsr:@std/assert@^0.222.1",
      "npm:discord-api-types@0.37.79",
      "npm:tweetnacl@^1.0.3"
    ]
  }
}
